{
  "name": "styles",
  "lockfileVersion": 3,
  "requires": true,
  "packages": {
    "": {
      "devDependencies": {
        "@spectrum-css/accordion": "^4.0.24",
        "@spectrum-css/actionbar": "^7.0.8",
        "@spectrum-css/badge": "^3.1.15",
        "@spectrum-css/button": "^11.0.15",
        "@spectrum-css/icon": "^4.0.4",
        "@spectrum-css/page": "^6.0.7",
        "@spectrum-css/progressbar": "^3.0.78",
        "@spectrum-css/table": "^5.0.8",
        "@spectrum-css/typography": "^5.0.47",
        "@spectrum-css/vars": "^9.0.8"
      }
    },
    "node_modules/@spectrum-css/accordion": {
      "version": "4.0.24",
      "resolved": "https://registry.npmjs.org/@spectrum-css/accordion/-/accordion-4.0.24.tgz",
      "integrity": "sha512-8h6/jcTt4q6XsO1Q5A0DbwHw44N4lr/ul6sApegj7W7qlJzQUHs3orPwoMGrGS5g/N8vpGof7+jEctgzZgiv9Q==",
      "dev": true,
      "peerDependencies": {
        "@spectrum-css/icon": ">=4",
        "@spectrum-css/tokens": ">=13"
      }
    },
    "node_modules/@spectrum-css/actionbar": {
      "version": "7.0.8",
      "resolved": "https://registry.npmjs.org/@spectrum-css/actionbar/-/actionbar-7.0.8.tgz",
      "integrity": "sha512-gLzhESV2bicgrghurP8bxYO89twpelm8/1sm6mwHwzRHKltHWqriVA5MlVwStpEg36UKSfVOY+bei9FVKtE/7g==",
      "dev": true,
      "peerDependencies": {
        "@spectrum-css/actionbutton": ">=5",
        "@spectrum-css/actiongroup": ">=3",
        "@spectrum-css/closebutton": ">=3",
        "@spectrum-css/fieldlabel": ">=7",
        "@spectrum-css/icon": ">=4",
        "@spectrum-css/popover": ">=5 <=6",
        "@spectrum-css/tokens": ">=13"
      }
    },
    "node_modules/@spectrum-css/actionbutton": {
      "version": "5.0.14",
      "resolved": "https://registry.npmjs.org/@spectrum-css/actionbutton/-/actionbutton-5.0.14.tgz",
      "integrity": "sha512-g5Zg+w2ccpH2fDpxCLKrgfsjn+U6jzcu0FTS70o1CeJDPTyLY4OYFvjig+Zps79S+c9oIh7r45dvY7wItXBY7w==",
      "dev": true,
      "peer": true,
      "peerDependencies": {
        "@spectrum-css/icon": ">=4",
        "@spectrum-css/tokens": ">=13"
      }
    },
    "node_modules/@spectrum-css/actiongroup": {
      "version": "4.1.6",
      "resolved": "https://registry.npmjs.org/@spectrum-css/actiongroup/-/actiongroup-4.1.6.tgz",
      "integrity": "sha512-tGXfZMfMZOyxmmKpmwd49pfUeYoGlSX2pFKE3p4O4HIyeel6Z5IJyURK/dqlbLLQ4/fgCbEwgyYZJ0xSzhMEsQ==",
      "dev": true,
      "peer": true,
      "peerDependencies": {
        "@spectrum-css/actionbutton": ">=5",
        "@spectrum-css/tokens": ">=13"
      }
    },
    "node_modules/@spectrum-css/alertdialog": {
      "version": "1.0.13",
      "resolved": "https://registry.npmjs.org/@spectrum-css/alertdialog/-/alertdialog-1.0.13.tgz",
      "integrity": "sha512-Q1vSyClWwcHCWReGG4z5UqyN46EqMujI4BibXeftBls6ncWwm3Wq8kzPXidVYtmngUo3AnRJDmNQV1fYAxu/lw==",
      "dev": true,
      "peer": true,
      "peerDependencies": {
        "@spectrum-css/button": ">=11",
        "@spectrum-css/buttongroup": ">=6",
        "@spectrum-css/divider": ">=1 <=2",
        "@spectrum-css/icon": ">=4",
        "@spectrum-css/modal": ">=4",
        "@spectrum-css/tokens": ">=13",
        "@spectrum-css/underlay": ">=3"
      }
    },
    "node_modules/@spectrum-css/badge": {
      "version": "3.1.15",
      "resolved": "https://registry.npmjs.org/@spectrum-css/badge/-/badge-3.1.15.tgz",
      "integrity": "sha512-1Ig9kn87gg+cvovyTZm3ZKlhgwQ/ykScGtqLZ+YRC0QGwHDiT6wXJKl/Jn0zt6Jl9iLTHzx5NW0McM6vbaKuvw==",
      "dev": true,
      "peerDependencies": {
        "@spectrum-css/tokens": ">=13"
      }
    },
    "node_modules/@spectrum-css/button": {
      "version": "11.0.15",
      "resolved": "https://registry.npmjs.org/@spectrum-css/button/-/button-11.0.15.tgz",
      "integrity": "sha512-GprdHeO1Iu5mtXAPoyCFxW2VrLU7X/dgcjl73vq/KVoE/awdozQYSwXYs9VxLjKIHTWOOVUlmdx0vMk+I/kYbg==",
      "dev": true,
      "peerDependencies": {
        "@spectrum-css/tokens": ">=13"
      }
    },
    "node_modules/@spectrum-css/buttongroup": {
      "version": "6.1.13",
      "resolved": "https://registry.npmjs.org/@spectrum-css/buttongroup/-/buttongroup-6.1.13.tgz",
      "integrity": "sha512-/+yfY5uZuTHnnsVc7OmHAHLfd7xLJWioal+/Ns1mpXym1iqOM0KvQRm47+e4qIQg16B/KZ9yHiNzyDRS4UrJtQ==",
      "dev": true,
      "peer": true,
      "peerDependencies": {
        "@spectrum-css/button": ">=10",
        "@spectrum-css/tokens": ">=13"
      }
    },
    "node_modules/@spectrum-css/closebutton": {
      "version": "4.0.14",
      "resolved": "https://registry.npmjs.org/@spectrum-css/closebutton/-/closebutton-4.0.14.tgz",
      "integrity": "sha512-kgNx401SyMY9dNRKXgbvLqLk4y6DxrkGIKMvQQIV/Rg21z/mECxlADnT6bAfpBi8WrpCfpcHOK0jJFIYep+oHA==",
      "dev": true,
      "peer": true,
      "peerDependencies": {
        "@spectrum-css/tokens": ">=13"
      }
    },
    "node_modules/@spectrum-css/dialog": {
      "version": "9.0.2",
      "resolved": "https://registry.npmjs.org/@spectrum-css/dialog/-/dialog-9.0.2.tgz",
      "integrity": "sha512-4RzGTgjtAbQFfhSEdnNUBNmTgXSMAslXWNhKGvZTxO+0YcHDiWRmy6B1SYxOM0kjoC+iZw77IU4yq9ncx6queg==",
      "dev": true,
      "peer": true,
      "peerDependencies": {
        "@spectrum-css/button": ">=11",
        "@spectrum-css/buttongroup": ">=6 <=7",
        "@spectrum-css/closebutton": ">=4",
        "@spectrum-css/divider": ">=2 <=3",
        "@spectrum-css/icon": ">=4",
        "@spectrum-css/modal": ">=3",
        "@spectrum-css/tokens": ">=13",
        "@spectrum-css/underlay": ">=3"
      }
    },
    "node_modules/@spectrum-css/divider": {
      "version": "2.1.32",
      "resolved": "https://registry.npmjs.org/@spectrum-css/divider/-/divider-2.1.32.tgz",
      "integrity": "sha512-f98wgx1PXZaaeu47Vc/MdW0d9fka8Q/yWhamenpLp4yY2XhO0WZTqOu19XudeicTLzMZB7iWS3fJ1gYYzZY8Ww==",
      "dev": true,
      "peer": true,
      "peerDependencies": {
        "@spectrum-css/tokens": ">=13"
      }
    },
    "node_modules/@spectrum-css/fieldlabel": {
      "version": "7.1.4",
      "resolved": "https://registry.npmjs.org/@spectrum-css/fieldlabel/-/fieldlabel-7.1.4.tgz",
      "integrity": "sha512-pvFd/O3QK3/HdHdcozZipW06DHulQ+zgKcQrivpYxv24DbvRjo0yjwGBoN8ScDL4Xr5O8MtO0cPjaKWWRt+cyA==",
      "dev": true,
      "peer": true,
      "peerDependencies": {
        "@spectrum-css/icon": ">=4",
        "@spectrum-css/tokens": ">=13"
      }
    },
    "node_modules/@spectrum-css/icon": {
      "version": "4.0.4",
      "resolved": "https://registry.npmjs.org/@spectrum-css/icon/-/icon-4.0.4.tgz",
      "integrity": "sha512-YmP8JH4T9bAWKAgiBdx7mR0yZw+LZWi3Suf3GPMGMYZI114hEoswQVKUUeS7m0PQGtbXb4saWozxrGvZsRjSAQ==",
      "dev": true,
      "peerDependencies": {
        "@spectrum-css/vars": ">=9"
      }
    },
    "node_modules/@spectrum-css/modal": {
      "version": "4.0.2",
      "resolved": "https://registry.npmjs.org/@spectrum-css/modal/-/modal-4.0.2.tgz",
      "integrity": "sha512-RpG+5FofY2S4kGJAXih8ylz3KKmLVNxiH6jrKs9TzZTO22ZNRevoIJxz/mXL3y6VXtM52NO1DWRB4nhXD63wtw==",
      "dev": true,
      "peer": true,
      "peerDependencies": {
        "@spectrum-css/tokens": ">=13"
      }
    },
    "node_modules/@spectrum-css/page": {
      "version": "6.0.7",
      "resolved": "https://registry.npmjs.org/@spectrum-css/page/-/page-6.0.7.tgz",
      "integrity": "sha512-r4zR2sbR//JapErUxj+6J1P4AcN9NxefujxaUGcf6pWB8hjlqTPMgjzt4KvFLI1xFsXS/orgtMmWYGeVYqqVfw==",
      "dev": true,
      "dependencies": {
        "@spectrum-css/tokens": "^13.0.3"
      }
    },
    "node_modules/@spectrum-css/popover": {
      "version": "6.0.81",
      "resolved": "https://registry.npmjs.org/@spectrum-css/popover/-/popover-6.0.81.tgz",
      "integrity": "sha512-5bejz4VeHekrrtuVfcLlMsCsX3Bq0KWuPbPO9i6iEgJptNaIhVXALozI6JPU4hWXAaomkwVkutz258Cz+qnMyw==",
      "dev": true,
      "peer": true,
      "peerDependencies": {
        "@spectrum-css/alertdialog": ">=1",
        "@spectrum-css/dialog": ">=6",
        "@spectrum-css/tokens": ">=13"
      }
    },
    "node_modules/@spectrum-css/progressbar": {
      "version": "3.0.78",
      "resolved": "https://registry.npmjs.org/@spectrum-css/progressbar/-/progressbar-3.0.78.tgz",
      "integrity": "sha512-U7m8pWudL/5OGWc7440r1jmRoTrZbp2RrvhvIku2xublnxytpND9uFKoboPAQQsEJnVdrLme5ZhxPE0NdPHDgA==",
      "dev": true,
      "peerDependencies": {
        "@spectrum-css/fieldlabel": ">=6",
        "@spectrum-css/tokens": ">=13"
      }
    },
    "node_modules/@spectrum-css/table": {
      "version": "5.0.8",
      "resolved": "https://registry.npmjs.org/@spectrum-css/table/-/table-5.0.8.tgz",
      "integrity": "sha512-KF1PL9RwY55lZH+5psUUtzb8AbEVlqn+R2DH2SJ9rODxJ7COWH/jBKO+VfooSbwbc6FdMuPDuvOhNsPPKDdrYQ==",
      "dev": true,
      "peerDependencies": {
        "@spectrum-css/icon": ">=4",
        "@spectrum-css/tokens": ">=13"
      }
    },
    "node_modules/@spectrum-css/tokens": {
      "version": "13.0.3",
      "resolved": "https://registry.npmjs.org/@spectrum-css/tokens/-/tokens-13.0.3.tgz",
      "integrity": "sha512-SAsim59hQe0LdOlNx6KYE46JFjL6/3VTbkonRL2bkp/uB8X1W6m8ZbRGnTu2gx4Tx/FwmgonA9udoVWXp00JAQ==",
      "dev": true
    },
    "node_modules/@spectrum-css/typography": {
      "version": "5.0.47",
      "resolved": "https://registry.npmjs.org/@spectrum-css/typography/-/typography-5.0.47.tgz",
      "integrity": "sha512-RrtmTVCgJ4egkp1x0gkidi0E0R8sPA9L1cRtk8SjEkt5Ls1qbi5YJwaT/wmsse2hxhhzTy7BBuC1O9qZatskZw==",
      "dev": true,
      "peerDependencies": {
        "@spectrum-css/tokens": ">=13"
      }
    },
    "node_modules/@spectrum-css/underlay": {
      "version": "3.0.10",
      "resolved": "https://registry.npmjs.org/@spectrum-css/underlay/-/underlay-3.0.10.tgz",
      "integrity": "sha512-wjqg18RgP85NNfa8J8MHCrcnhovNwCaU+L02eLCAwA4rg+AEuFnHwcgtqxFhfcdNA1VtAf/tcOsv/UZd0M/vdA==",
      "dev": true,
      "peer": true,
      "peerDependencies": {
        "@spectrum-css/tokens": ">=13"
      }
    },
    "node_modules/@spectrum-css/vars": {
      "version": "9.0.8",
      "resolved": "https://registry.npmjs.org/@spectrum-css/vars/-/vars-9.0.8.tgz",
      "integrity": "sha512-rGfd7jqXOdR69bEjrRP58ynuIeJU0czPfwQvzhtCzg7jKVukV+efNHqrs086sC6xutB3W4TF71K/dZMr3oyTyg==",
      "dev": true
    }
  }
}
